
Microsoft Visual Studio Solution File, Format Version 12.00
# Visual Studio 15
VisualStudioVersion = 15.0.28010.2036
MinimumVisualStudioVersion = 10.0.40219.1
Project("{FAE04EC0-301F-11D3-BF4B-00C04F79EFBC}") = "SimpleTodo.Android", "SimpleTodo\SimpleTodo.Android\SimpleTodo.Android.csproj", "{24CE3C36-16B9-426D-AA0C-5961ECF8D88C}"
EndProject
Project("{FAE04EC0-301F-11D3-BF4B-00C04F79EFBC}") = "SimpleTodo.iOS", "SimpleTodo\SimpleTodo.iOS\SimpleTodo.iOS.csproj", "{6A77B8BD-A3AE-4A3D-AD41-DC7A293FE723}"
EndProject
Project("{9A19103F-16F7-4668-BE54-9A1E7A4F7556}") = "SimpleTodo", "SimpleTodo\SimpleTodo\SimpleTodo.csproj", "{BD83940C-5CEE-44EF-84C1-24FDEF4430E8}"
EndProject
Project("{FAE04EC0-301F-11D3-BF4B-00C04F79EFBC}") = "SimpleTodo.UITest", "SimpleTodo\SimpleTodo.UITest\SimpleTodo.UITest.csproj", "{B19C892E-2628-4CA7-AD27-08D406A3B14B}"
EndProject
Global
	GlobalSection(SolutionConfigurationPlatforms) = preSolution
		Debug|Any CPU = Debug|Any CPU
		Debug|iPhone = Debug|iPhone
		Debug|iPhoneSimulator = Debug|iPhoneSimulator
		Release|Any CPU = Release|Any CPU
		Release|iPhone = Release|iPhone
		Release|iPhoneSimulator = Release|iPhoneSimulator
	EndGlobalSection
	GlobalSection(ProjectConfigurationPlatforms) = postSolution
		{24CE3C36-16B9-426D-AA0C-5961ECF8D88C}.Debug|Any CPU.ActiveCfg = Debug|Any CPU
		{24CE3C36-16B9-426D-AA0C-5961ECF8D88C}.Debug|Any CPU.Build.0 = Debug|Any CPU
		{24CE3C36-16B9-426D-AA0C-5961ECF8D88C}.Debug|Any CPU.Deploy.0 = Debug|Any CPU
		{24CE3C36-16B9-426D-AA0C-5961ECF8D88C}.Debug|iPhone.ActiveCfg = Debug|Any CPU
		{24CE3C36-16B9-426D-AA0C-5961ECF8D88C}.Debug|iPhone.Build.0 = Debug|Any CPU
		{24CE3C36-16B9-426D-AA0C-5961ECF8D88C}.Debug|iPhone.Deploy.0 = Debug|Any CPU
		{24CE3C36-16B9-426D-AA0C-5961ECF8D88C}.Debug|iPhoneSimulator.ActiveCfg = Debug|Any CPU
		{24CE3C36-16B9-426D-AA0C-5961ECF8D88C}.Debug|iPhoneSimulator.Build.0 = Debug|Any CPU
		{24CE3C36-16B9-426D-AA0C-5961ECF8D88C}.Debug|iPhoneSimulator.Deploy.0 = Debug|Any CPU
		{24CE3C36-16B9-426D-AA0C-5961ECF8D88C}.Release|Any CPU.ActiveCfg = Release|Any CPU
		{24CE3C36-16B9-426D-AA0C-5961ECF8D88C}.Release|Any CPU.Build.0 = Release|Any CPU
		{24CE3C36-16B9-426D-AA0C-5961ECF8D88C}.Release|Any CPU.Deploy.0 = Release|Any CPU
		{24CE3C36-16B9-426D-AA0C-5961ECF8D88C}.Release|iPhone.ActiveCfg = Release|Any CPU
		{24CE3C36-16B9-426D-AA0C-5961ECF8D88C}.Release|iPhone.Build.0 = Release|Any CPU
		{24CE3C36-16B9-426D-AA0C-5961ECF8D88C}.Release|iPhone.Deploy.0 = Release|Any CPU
		{24CE3C36-16B9-426D-AA0C-5961ECF8D88C}.Release|iPhoneSimulator.ActiveCfg = Release|Any CPU
		{24CE3C36-16B9-426D-AA0C-5961ECF8D88C}.Release|iPhoneSimulator.Build.0 = Release|Any CPU
		{24CE3C36-16B9-426D-AA0C-5961ECF8D88C}.Release|iPhoneSimulator.Deploy.0 = Release|Any CPU
		{6A77B8BD-A3AE-4A3D-AD41-DC7A293FE723}.Debug|Any CPU.ActiveCfg = Debug|iPhoneSimulator
		{6A77B8BD-A3AE-4A3D-AD41-DC7A293FE723}.Debug|Any CPU.Build.0 = Debug|iPhoneSimulator
		{6A77B8BD-A3AE-4A3D-AD41-DC7A293FE723}.Debug|Any CPU.Deploy.0 = Debug|iPhoneSimulator
		{6A77B8BD-A3AE-4A3D-AD41-DC7A293FE723}.Debug|iPhone.ActiveCfg = Debug|iPhone
		{6A77B8BD-A3AE-4A3D-AD41-DC7A293FE723}.Debug|iPhone.Build.0 = Debug|iPhone
		{6A77B8BD-A3AE-4A3D-AD41-DC7A293FE723}.Debug|iPhone.Deploy.0 = Debug|iPhone
		{6A77B8BD-A3AE-4A3D-AD41-DC7A293FE723}.Debug|iPhoneSimulator.ActiveCfg = Debug|iPhoneSimulator
		{6A77B8BD-A3AE-4A3D-AD41-DC7A293FE723}.Debug|iPhoneSimulator.Build.0 = Debug|iPhoneSimulator
		{6A77B8BD-A3AE-4A3D-AD41-DC7A293FE723}.Debug|iPhoneSimulator.Deploy.0 = Debug|iPhoneSimulator
		{6A77B8BD-A3AE-4A3D-AD41-DC7A293FE723}.Release|Any CPU.ActiveCfg = Release|iPhone
		{6A77B8BD-A3AE-4A3D-AD41-DC7A293FE723}.Release|Any CPU.Build.0 = Release|iPhone
		{6A77B8BD-A3AE-4A3D-AD41-DC7A293FE723}.Release|Any CPU.Deploy.0 = Release|iPhone
		{6A77B8BD-A3AE-4A3D-AD41-DC7A293FE723}.Release|iPhone.ActiveCfg = Release|iPhone
		{6A77B8BD-A3AE-4A3D-AD41-DC7A293FE723}.Release|iPhone.Build.0 = Release|iPhone
		{6A77B8BD-A3AE-4A3D-AD41-DC7A293FE723}.Release|iPhone.Deploy.0 = Release|iPhone
		{6A77B8BD-A3AE-4A3D-AD41-DC7A293FE723}.Release|iPhoneSimulator.ActiveCfg = Release|iPhoneSimulator
		{6A77B8BD-A3AE-4A3D-AD41-DC7A293FE723}.Release|iPhoneSimulator.Build.0 = Release|iPhoneSimulator
		{6A77B8BD-A3AE-4A3D-AD41-DC7A293FE723}.Release|iPhoneSimulator.Deploy.0 = Release|iPhoneSimulator
		{BD83940C-5CEE-44EF-84C1-24FDEF4430E8}.Debug|Any CPU.ActiveCfg = Debug|Any CPU
		{BD83940C-5CEE-44EF-84C1-24FDEF4430E8}.Debug|Any CPU.Build.0 = Debug|Any CPU
		{BD83940C-5CEE-44EF-84C1-24FDEF4430E8}.Debug|Any CPU.Deploy.0 = Debug|Any CPU
		{BD83940C-5CEE-44EF-84C1-24FDEF4430E8}.Debug|iPhone.ActiveCfg = Debug|Any CPU
		{BD83940C-5CEE-44EF-84C1-24FDEF4430E8}.Debug|iPhone.Build.0 = Debug|Any CPU
		{BD83940C-5CEE-44EF-84C1-24FDEF4430E8}.Debug|iPhone.Deploy.0 = Debug|Any CPU
		{BD83940C-5CEE-44EF-84C1-24FDEF4430E8}.Debug|iPhoneSimulator.ActiveCfg = Debug|Any CPU
		{BD83940C-5CEE-44EF-84C1-24FDEF4430E8}.Debug|iPhoneSimulator.Build.0 = Debug|Any CPU
		{BD83940C-5CEE-44EF-84C1-24FDEF4430E8}.Debug|iPhoneSimulator.Deploy.0 = Debug|Any CPU
		{BD83940C-5CEE-44EF-84C1-24FDEF4430E8}.Release|Any CPU.ActiveCfg = Release|Any CPU
		{BD83940C-5CEE-44EF-84C1-24FDEF4430E8}.Release|Any CPU.Build.0 = Release|Any CPU
		{BD83940C-5CEE-44EF-84C1-24FDEF4430E8}.Release|Any CPU.Deploy.0 = Release|Any CPU
		{BD83940C-5CEE-44EF-84C1-24FDEF4430E8}.Release|iPhone.ActiveCfg = Release|Any CPU
		{BD83940C-5CEE-44EF-84C1-24FDEF4430E8}.Release|iPhone.Build.0 = Release|Any CPU
		{BD83940C-5CEE-44EF-84C1-24FDEF4430E8}.Release|iPhone.Deploy.0 = Release|Any CPU
		{BD83940C-5CEE-44EF-84C1-24FDEF4430E8}.Release|iPhoneSimulator.ActiveCfg = Release|Any CPU
		{BD83940C-5CEE-44EF-84C1-24FDEF4430E8}.Release|iPhoneSimulator.Build.0 = Release|Any CPU
		{BD83940C-5CEE-44EF-84C1-24FDEF4430E8}.Release|iPhoneSimulator.Deploy.0 = Release|Any CPU
		{B19C892E-2628-4CA7-AD27-08D406A3B14B}.Debug|Any CPU.ActiveCfg = Debug|Any CPU
		{B19C892E-2628-4CA7-AD27-08D406A3B14B}.Debug|Any CPU.Build.0 = Debug|Any CPU
		{B19C892E-2628-4CA7-AD27-08D406A3B14B}.Debug|iPhone.ActiveCfg = Debug|Any CPU
		{B19C892E-2628-4CA7-AD27-08D406A3B14B}.Debug|iPhone.Build.0 = Debug|Any CPU
		{B19C892E-2628-4CA7-AD27-08D406A3B14B}.Debug|iPhoneSimulator.ActiveCfg = Debug|Any CPU
		{B19C892E-2628-4CA7-AD27-08D406A3B14B}.Debug|iPhoneSimulator.Build.0 = Debug|Any CPU
		{B19C892E-2628-4CA7-AD27-08D406A3B14B}.Release|Any CPU.ActiveCfg = Release|Any CPU
		{B19C892E-2628-4CA7-AD27-08D406A3B14B}.Release|Any CPU.Build.0 = Release|Any CPU
		{B19C892E-2628-4CA7-AD27-08D406A3B14B}.Release|iPhone.ActiveCfg = Release|Any CPU
		{B19C892E-2628-4CA7-AD27-08D406A3B14B}.Release|iPhone.Build.0 = Release|Any CPU
		{B19C892E-2628-4CA7-AD27-08D406A3B14B}.Release|iPhoneSimulator.ActiveCfg = Release|Any CPU
		{B19C892E-2628-4CA7-AD27-08D406A3B14B}.Release|iPhoneSimulator.Build.0 = Release|Any CPU
	EndGlobalSection
	GlobalSection(SolutionProperties) = preSolution
		HideSolutionNode = FALSE
	EndGlobalSection
	GlobalSection(ExtensibilityGlobals) = postSolution
		SolutionGuid = {F6D18F2D-FAD5-4CF3-98B9-35593612801A}
	EndGlobalSection
EndGlobal
