
Microsoft Visual Studio Solution File, Format Version 12.00
# Visual Studio 15
VisualStudioVersion = 15.0.28010.2036
MinimumVisualStudioVersion = 10.0.40219.1
Project("{FAE04EC0-301F-11D3-BF4B-00C04F79EFBC}") = "HelloXamarin.Android", "HelloXamarin\HelloXamarin.Android\HelloXamarin.Android.csproj", "{5E455AE3-1B8D-4FF9-A1A1-622CFC7EA8F1}"
EndProject
Project("{FAE04EC0-301F-11D3-BF4B-00C04F79EFBC}") = "HelloXamarin.iOS", "HelloXamarin\HelloXamarin.iOS\HelloXamarin.iOS.csproj", "{35FD319D-294C-4E20-B18F-671F93A9CBC6}"
EndProject
Project("{FAE04EC0-301F-11D3-BF4B-00C04F79EFBC}") = "HelloXamarin", "HelloXamarin\HelloXamarin\HelloXamarin.csproj", "{2F65577D-5ECD-489C-B803-8BD1D7FF7791}"
EndProject
Global
	GlobalSection(SolutionConfigurationPlatforms) = preSolution
		Ad-Hoc|Any CPU = Ad-Hoc|Any CPU
		Ad-Hoc|iPhone = Ad-Hoc|iPhone
		Ad-Hoc|iPhoneSimulator = Ad-Hoc|iPhoneSimulator
		AppStore|Any CPU = AppStore|Any CPU
		AppStore|iPhone = AppStore|iPhone
		AppStore|iPhoneSimulator = AppStore|iPhoneSimulator
		Debug|Any CPU = Debug|Any CPU
		Debug|iPhone = Debug|iPhone
		Debug|iPhoneSimulator = Debug|iPhoneSimulator
		Release|Any CPU = Release|Any CPU
		Release|iPhone = Release|iPhone
		Release|iPhoneSimulator = Release|iPhoneSimulator
	EndGlobalSection
	GlobalSection(ProjectConfigurationPlatforms) = postSolution
		{5E455AE3-1B8D-4FF9-A1A1-622CFC7EA8F1}.Ad-Hoc|Any CPU.ActiveCfg = Release|Any CPU
		{5E455AE3-1B8D-4FF9-A1A1-622CFC7EA8F1}.Ad-Hoc|Any CPU.Build.0 = Release|Any CPU
		{5E455AE3-1B8D-4FF9-A1A1-622CFC7EA8F1}.Ad-Hoc|Any CPU.Deploy.0 = Release|Any CPU
		{5E455AE3-1B8D-4FF9-A1A1-622CFC7EA8F1}.Ad-Hoc|iPhone.ActiveCfg = Release|Any CPU
		{5E455AE3-1B8D-4FF9-A1A1-622CFC7EA8F1}.Ad-Hoc|iPhone.Build.0 = Release|Any CPU
		{5E455AE3-1B8D-4FF9-A1A1-622CFC7EA8F1}.Ad-Hoc|iPhone.Deploy.0 = Release|Any CPU
		{5E455AE3-1B8D-4FF9-A1A1-622CFC7EA8F1}.Ad-Hoc|iPhoneSimulator.ActiveCfg = Release|Any CPU
		{5E455AE3-1B8D-4FF9-A1A1-622CFC7EA8F1}.Ad-Hoc|iPhoneSimulator.Build.0 = Release|Any CPU
		{5E455AE3-1B8D-4FF9-A1A1-622CFC7EA8F1}.Ad-Hoc|iPhoneSimulator.Deploy.0 = Release|Any CPU
		{5E455AE3-1B8D-4FF9-A1A1-622CFC7EA8F1}.AppStore|Any CPU.ActiveCfg = Release|Any CPU
		{5E455AE3-1B8D-4FF9-A1A1-622CFC7EA8F1}.AppStore|Any CPU.Build.0 = Release|Any CPU
		{5E455AE3-1B8D-4FF9-A1A1-622CFC7EA8F1}.AppStore|Any CPU.Deploy.0 = Release|Any CPU
		{5E455AE3-1B8D-4FF9-A1A1-622CFC7EA8F1}.AppStore|iPhone.ActiveCfg = Release|Any CPU
		{5E455AE3-1B8D-4FF9-A1A1-622CFC7EA8F1}.AppStore|iPhone.Build.0 = Release|Any CPU
		{5E455AE3-1B8D-4FF9-A1A1-622CFC7EA8F1}.AppStore|iPhone.Deploy.0 = Release|Any CPU
		{5E455AE3-1B8D-4FF9-A1A1-622CFC7EA8F1}.AppStore|iPhoneSimulator.ActiveCfg = Release|Any CPU
		{5E455AE3-1B8D-4FF9-A1A1-622CFC7EA8F1}.AppStore|iPhoneSimulator.Build.0 = Release|Any CPU
		{5E455AE3-1B8D-4FF9-A1A1-622CFC7EA8F1}.AppStore|iPhoneSimulator.Deploy.0 = Release|Any CPU
		{5E455AE3-1B8D-4FF9-A1A1-622CFC7EA8F1}.Debug|Any CPU.ActiveCfg = Debug|Any CPU
		{5E455AE3-1B8D-4FF9-A1A1-622CFC7EA8F1}.Debug|Any CPU.Build.0 = Debug|Any CPU
		{5E455AE3-1B8D-4FF9-A1A1-622CFC7EA8F1}.Debug|Any CPU.Deploy.0 = Debug|Any CPU
		{5E455AE3-1B8D-4FF9-A1A1-622CFC7EA8F1}.Debug|iPhone.ActiveCfg = Debug|Any CPU
		{5E455AE3-1B8D-4FF9-A1A1-622CFC7EA8F1}.Debug|iPhone.Build.0 = Debug|Any CPU
		{5E455AE3-1B8D-4FF9-A1A1-622CFC7EA8F1}.Debug|iPhone.Deploy.0 = Debug|Any CPU
		{5E455AE3-1B8D-4FF9-A1A1-622CFC7EA8F1}.Debug|iPhoneSimulator.ActiveCfg = Debug|Any CPU
		{5E455AE3-1B8D-4FF9-A1A1-622CFC7EA8F1}.Debug|iPhoneSimulator.Build.0 = Debug|Any CPU
		{5E455AE3-1B8D-4FF9-A1A1-622CFC7EA8F1}.Debug|iPhoneSimulator.Deploy.0 = Debug|Any CPU
		{5E455AE3-1B8D-4FF9-A1A1-622CFC7EA8F1}.Release|Any CPU.ActiveCfg = Release|Any CPU
		{5E455AE3-1B8D-4FF9-A1A1-622CFC7EA8F1}.Release|Any CPU.Build.0 = Release|Any CPU
		{5E455AE3-1B8D-4FF9-A1A1-622CFC7EA8F1}.Release|Any CPU.Deploy.0 = Release|Any CPU
		{5E455AE3-1B8D-4FF9-A1A1-622CFC7EA8F1}.Release|iPhone.ActiveCfg = Release|Any CPU
		{5E455AE3-1B8D-4FF9-A1A1-622CFC7EA8F1}.Release|iPhone.Build.0 = Release|Any CPU
		{5E455AE3-1B8D-4FF9-A1A1-622CFC7EA8F1}.Release|iPhone.Deploy.0 = Release|Any CPU
		{5E455AE3-1B8D-4FF9-A1A1-622CFC7EA8F1}.Release|iPhoneSimulator.ActiveCfg = Release|Any CPU
		{5E455AE3-1B8D-4FF9-A1A1-622CFC7EA8F1}.Release|iPhoneSimulator.Build.0 = Release|Any CPU
		{5E455AE3-1B8D-4FF9-A1A1-622CFC7EA8F1}.Release|iPhoneSimulator.Deploy.0 = Release|Any CPU
		{35FD319D-294C-4E20-B18F-671F93A9CBC6}.Ad-Hoc|Any CPU.ActiveCfg = Ad-Hoc|iPhone
		{35FD319D-294C-4E20-B18F-671F93A9CBC6}.Ad-Hoc|Any CPU.Build.0 = Ad-Hoc|iPhone
		{35FD319D-294C-4E20-B18F-671F93A9CBC6}.Ad-Hoc|Any CPU.Deploy.0 = Ad-Hoc|iPhone
		{35FD319D-294C-4E20-B18F-671F93A9CBC6}.Ad-Hoc|iPhone.ActiveCfg = Ad-Hoc|iPhone
		{35FD319D-294C-4E20-B18F-671F93A9CBC6}.Ad-Hoc|iPhone.Build.0 = Ad-Hoc|iPhone
		{35FD319D-294C-4E20-B18F-671F93A9CBC6}.Ad-Hoc|iPhone.Deploy.0 = Ad-Hoc|iPhone
		{35FD319D-294C-4E20-B18F-671F93A9CBC6}.Ad-Hoc|iPhoneSimulator.ActiveCfg = Ad-Hoc|iPhoneSimulator
		{35FD319D-294C-4E20-B18F-671F93A9CBC6}.Ad-Hoc|iPhoneSimulator.Build.0 = Ad-Hoc|iPhoneSimulator
		{35FD319D-294C-4E20-B18F-671F93A9CBC6}.Ad-Hoc|iPhoneSimulator.Deploy.0 = Ad-Hoc|iPhoneSimulator
		{35FD319D-294C-4E20-B18F-671F93A9CBC6}.AppStore|Any CPU.ActiveCfg = AppStore|iPhone
		{35FD319D-294C-4E20-B18F-671F93A9CBC6}.AppStore|Any CPU.Build.0 = AppStore|iPhone
		{35FD319D-294C-4E20-B18F-671F93A9CBC6}.AppStore|Any CPU.Deploy.0 = AppStore|iPhone
		{35FD319D-294C-4E20-B18F-671F93A9CBC6}.AppStore|iPhone.ActiveCfg = AppStore|iPhone
		{35FD319D-294C-4E20-B18F-671F93A9CBC6}.AppStore|iPhone.Build.0 = AppStore|iPhone
		{35FD319D-294C-4E20-B18F-671F93A9CBC6}.AppStore|iPhone.Deploy.0 = AppStore|iPhone
		{35FD319D-294C-4E20-B18F-671F93A9CBC6}.AppStore|iPhoneSimulator.ActiveCfg = AppStore|iPhoneSimulator
		{35FD319D-294C-4E20-B18F-671F93A9CBC6}.AppStore|iPhoneSimulator.Build.0 = AppStore|iPhoneSimulator
		{35FD319D-294C-4E20-B18F-671F93A9CBC6}.AppStore|iPhoneSimulator.Deploy.0 = AppStore|iPhoneSimulator
		{35FD319D-294C-4E20-B18F-671F93A9CBC6}.Debug|Any CPU.ActiveCfg = Debug|iPhoneSimulator
		{35FD319D-294C-4E20-B18F-671F93A9CBC6}.Debug|Any CPU.Build.0 = Debug|iPhoneSimulator
		{35FD319D-294C-4E20-B18F-671F93A9CBC6}.Debug|Any CPU.Deploy.0 = Debug|iPhoneSimulator
		{35FD319D-294C-4E20-B18F-671F93A9CBC6}.Debug|iPhone.ActiveCfg = Debug|iPhone
		{35FD319D-294C-4E20-B18F-671F93A9CBC6}.Debug|iPhone.Build.0 = Debug|iPhone
		{35FD319D-294C-4E20-B18F-671F93A9CBC6}.Debug|iPhone.Deploy.0 = Debug|iPhone
		{35FD319D-294C-4E20-B18F-671F93A9CBC6}.Debug|iPhoneSimulator.ActiveCfg = Debug|iPhoneSimulator
		{35FD319D-294C-4E20-B18F-671F93A9CBC6}.Debug|iPhoneSimulator.Build.0 = Debug|iPhoneSimulator
		{35FD319D-294C-4E20-B18F-671F93A9CBC6}.Debug|iPhoneSimulator.Deploy.0 = Debug|iPhoneSimulator
		{35FD319D-294C-4E20-B18F-671F93A9CBC6}.Release|Any CPU.ActiveCfg = Release|iPhone
		{35FD319D-294C-4E20-B18F-671F93A9CBC6}.Release|Any CPU.Build.0 = Release|iPhone
		{35FD319D-294C-4E20-B18F-671F93A9CBC6}.Release|Any CPU.Deploy.0 = Release|iPhone
		{35FD319D-294C-4E20-B18F-671F93A9CBC6}.Release|iPhone.ActiveCfg = Release|iPhone
		{35FD319D-294C-4E20-B18F-671F93A9CBC6}.Release|iPhone.Build.0 = Release|iPhone
		{35FD319D-294C-4E20-B18F-671F93A9CBC6}.Release|iPhone.Deploy.0 = Release|iPhone
		{35FD319D-294C-4E20-B18F-671F93A9CBC6}.Release|iPhoneSimulator.ActiveCfg = Release|iPhoneSimulator
		{35FD319D-294C-4E20-B18F-671F93A9CBC6}.Release|iPhoneSimulator.Build.0 = Release|iPhoneSimulator
		{35FD319D-294C-4E20-B18F-671F93A9CBC6}.Release|iPhoneSimulator.Deploy.0 = Release|iPhoneSimulator
		{2F65577D-5ECD-489C-B803-8BD1D7FF7791}.Ad-Hoc|Any CPU.ActiveCfg = Debug|Any CPU
		{2F65577D-5ECD-489C-B803-8BD1D7FF7791}.Ad-Hoc|Any CPU.Build.0 = Debug|Any CPU
		{2F65577D-5ECD-489C-B803-8BD1D7FF7791}.Ad-Hoc|Any CPU.Deploy.0 = Debug|Any CPU
		{2F65577D-5ECD-489C-B803-8BD1D7FF7791}.Ad-Hoc|iPhone.ActiveCfg = Debug|Any CPU
		{2F65577D-5ECD-489C-B803-8BD1D7FF7791}.Ad-Hoc|iPhone.Build.0 = Debug|Any CPU
		{2F65577D-5ECD-489C-B803-8BD1D7FF7791}.Ad-Hoc|iPhone.Deploy.0 = Debug|Any CPU
		{2F65577D-5ECD-489C-B803-8BD1D7FF7791}.Ad-Hoc|iPhoneSimulator.ActiveCfg = Debug|Any CPU
		{2F65577D-5ECD-489C-B803-8BD1D7FF7791}.Ad-Hoc|iPhoneSimulator.Build.0 = Debug|Any CPU
		{2F65577D-5ECD-489C-B803-8BD1D7FF7791}.Ad-Hoc|iPhoneSimulator.Deploy.0 = Debug|Any CPU
		{2F65577D-5ECD-489C-B803-8BD1D7FF7791}.AppStore|Any CPU.ActiveCfg = Debug|Any CPU
		{2F65577D-5ECD-489C-B803-8BD1D7FF7791}.AppStore|Any CPU.Build.0 = Debug|Any CPU
		{2F65577D-5ECD-489C-B803-8BD1D7FF7791}.AppStore|Any CPU.Deploy.0 = Debug|Any CPU
		{2F65577D-5ECD-489C-B803-8BD1D7FF7791}.AppStore|iPhone.ActiveCfg = Debug|Any CPU
		{2F65577D-5ECD-489C-B803-8BD1D7FF7791}.AppStore|iPhone.Build.0 = Debug|Any CPU
		{2F65577D-5ECD-489C-B803-8BD1D7FF7791}.AppStore|iPhone.Deploy.0 = Debug|Any CPU
		{2F65577D-5ECD-489C-B803-8BD1D7FF7791}.AppStore|iPhoneSimulator.ActiveCfg = Debug|Any CPU
		{2F65577D-5ECD-489C-B803-8BD1D7FF7791}.AppStore|iPhoneSimulator.Build.0 = Debug|Any CPU
		{2F65577D-5ECD-489C-B803-8BD1D7FF7791}.AppStore|iPhoneSimulator.Deploy.0 = Debug|Any CPU
		{2F65577D-5ECD-489C-B803-8BD1D7FF7791}.Debug|Any CPU.ActiveCfg = Debug|Any CPU
		{2F65577D-5ECD-489C-B803-8BD1D7FF7791}.Debug|Any CPU.Build.0 = Debug|Any CPU
		{2F65577D-5ECD-489C-B803-8BD1D7FF7791}.Debug|Any CPU.Deploy.0 = Debug|Any CPU
		{2F65577D-5ECD-489C-B803-8BD1D7FF7791}.Debug|iPhone.ActiveCfg = Debug|Any CPU
		{2F65577D-5ECD-489C-B803-8BD1D7FF7791}.Debug|iPhone.Build.0 = Debug|Any CPU
		{2F65577D-5ECD-489C-B803-8BD1D7FF7791}.Debug|iPhone.Deploy.0 = Debug|Any CPU
		{2F65577D-5ECD-489C-B803-8BD1D7FF7791}.Debug|iPhoneSimulator.ActiveCfg = Debug|Any CPU
		{2F65577D-5ECD-489C-B803-8BD1D7FF7791}.Debug|iPhoneSimulator.Build.0 = Debug|Any CPU
		{2F65577D-5ECD-489C-B803-8BD1D7FF7791}.Debug|iPhoneSimulator.Deploy.0 = Debug|Any CPU
		{2F65577D-5ECD-489C-B803-8BD1D7FF7791}.Release|Any CPU.ActiveCfg = Release|Any CPU
		{2F65577D-5ECD-489C-B803-8BD1D7FF7791}.Release|Any CPU.Build.0 = Release|Any CPU
		{2F65577D-5ECD-489C-B803-8BD1D7FF7791}.Release|Any CPU.Deploy.0 = Release|Any CPU
		{2F65577D-5ECD-489C-B803-8BD1D7FF7791}.Release|iPhone.ActiveCfg = Release|Any CPU
		{2F65577D-5ECD-489C-B803-8BD1D7FF7791}.Release|iPhone.Build.0 = Release|Any CPU
		{2F65577D-5ECD-489C-B803-8BD1D7FF7791}.Release|iPhone.Deploy.0 = Release|Any CPU
		{2F65577D-5ECD-489C-B803-8BD1D7FF7791}.Release|iPhoneSimulator.ActiveCfg = Release|Any CPU
		{2F65577D-5ECD-489C-B803-8BD1D7FF7791}.Release|iPhoneSimulator.Build.0 = Release|Any CPU
		{2F65577D-5ECD-489C-B803-8BD1D7FF7791}.Release|iPhoneSimulator.Deploy.0 = Release|Any CPU
	EndGlobalSection
	GlobalSection(SolutionProperties) = preSolution
		HideSolutionNode = FALSE
	EndGlobalSection
	GlobalSection(ExtensibilityGlobals) = postSolution
		SolutionGuid = {0473B91A-226C-4235-AF7C-A2B79AF76DFF}
	EndGlobalSection
EndGlobal
